// !$*UTF8*$!
{
	archiveVersion = 1;
	classes = {
	};
	objectVersion = 46;
	objects = {

/* Begin PBXBuildFile section */
		1B4E35591ACA3108009088D9 /* main.m in Sources */ = {isa = PBXBuildFile; fileRef = 1B4E35581ACA3108009088D9 /* main.m */; };
		1B4E355C1ACA3108009088D9 /* AppDelegate.m in Sources */ = {isa = PBXBuildFile; fileRef = 1B4E355B1ACA3108009088D9 /* AppDelegate.m */; };
		1B4E355F1ACA3108009088D9 /* ImgurDemo.xcdatamodeld in Sources */ = {isa = PBXBuildFile; fileRef = 1B4E355D1ACA3108009088D9 /* ImgurDemo.xcdatamodeld */; };
		1B4E35651ACA3108009088D9 /* Main.storyboard in Resources */ = {isa = PBXBuildFile; fileRef = 1B4E35631ACA3108009088D9 /* Main.storyboard */; };
		1B4E35671ACA3108009088D9 /* Images.xcassets in Resources */ = {isa = PBXBuildFile; fileRef = 1B4E35661ACA3108009088D9 /* Images.xcassets */; };
		1B4E356A1ACA3108009088D9 /* LaunchScreen.xib in Resources */ = {isa = PBXBuildFile; fileRef = 1B4E35681ACA3108009088D9 /* LaunchScreen.xib */; };
		1B4E35761ACA3108009088D9 /* ImgurDemoTests.m in Sources */ = {isa = PBXBuildFile; fileRef = 1B4E35751ACA3108009088D9 /* ImgurDemoTests.m */; };
		1B4E35851ACA4954009088D9 /* ImgurAPIClient.m in Sources */ = {isa = PBXBuildFile; fileRef = 1B4E35841ACA4954009088D9 /* ImgurAPIClient.m */; };
		1B4E358F1ACA7FFE009088D9 /* GalleryViewController.m in Sources */ = {isa = PBXBuildFile; fileRef = 1B4E358E1ACA7FFE009088D9 /* GalleryViewController.m */; };
		1B4E35921ACA802B009088D9 /* ImageGridCell.m in Sources */ = {isa = PBXBuildFile; fileRef = 1B4E35911ACA802B009088D9 /* ImageGridCell.m */; };
		1BB717A91ACB9FFF00CA4796 /* FilterViewController.m in Sources */ = {isa = PBXBuildFile; fileRef = 1BB717A81ACB9FFF00CA4796 /* FilterViewController.m */; };
		1BB717AF1ACBCC6800CA4796 /* AboutViewController.m in Sources */ = {isa = PBXBuildFile; fileRef = 1BB717AE1ACBCC6800CA4796 /* AboutViewController.m */; };
		6E9B2168C422760ACD00B109 /* libPods.a in Frameworks */ = {isa = PBXBuildFile; fileRef = 78D236CD7FF2D70117BDAD0B /* libPods.a */; };
/* End PBXBuildFile section */

/* Begin PBXContainerItemProxy section */
		1B4E35701ACA3108009088D9 /* PBXContainerItemProxy */ = {
			isa = PBXContainerItemProxy;
			containerPortal = 1B4E354B1ACA3108009088D9 /* Project object */;
			proxyType = 1;
			remoteGlobalIDString = 1B4E35521ACA3108009088D9;
			remoteInfo = ImgurDemo;
		};
/* End PBXContainerItemProxy section */

/* Begin PBXFileReference section */
		02F04ED3A3DCBDEADC7184D3 /* Pods.release.xcconfig */ = {isa = PBXFileReference; includeInIndex = 1; lastKnownFileType = text.xcconfig; name = Pods.release.xcconfig; path = "Pods/Target Support Files/Pods/Pods.release.xcconfig"; sourceTree = "<group>"; };
		1B4E35531ACA3108009088D9 /* ImgurDemo.app */ = {isa = PBXFileReference; explicitFileType = wrapper.application; includeInIndex = 0; path = ImgurDemo.app; sourceTree = BUILT_PRODUCTS_DIR; };
		1B4E35571ACA3108009088D9 /* Info.plist */ = {isa = PBXFileReference; lastKnownFileType = text.plist.xml; path = Info.plist; sourceTree = "<group>"; };
		1B4E35581ACA3108009088D9 /* main.m */ = {isa = PBXFileReference; lastKnownFileType = sourcecode.c.objc; path = main.m; sourceTree = "<group>"; };
		1B4E355A1ACA3108009088D9 /* AppDelegate.h */ = {isa = PBXFileReference; lastKnownFileType = sourcecode.c.h; path = AppDelegate.h; sourceTree = "<group>"; };
		1B4E355B1ACA3108009088D9 /* AppDelegate.m */ = {isa = PBXFileReference; lastKnownFileType = sourcecode.c.objc; path = AppDelegate.m; sourceTree = "<group>"; };
		1B4E355E1ACA3108009088D9 /* ImgurDemo.xcdatamodel */ = {isa = PBXFileReference; lastKnownFileType = wrapper.xcdatamodel; path = ImgurDemo.xcdatamodel; sourceTree = "<group>"; };
		1B4E35641ACA3108009088D9 /* Base */ = {isa = PBXFileReference; lastKnownFileType = file.storyboard; name = Base; path = Base.lproj/Main.storyboard; sourceTree = "<group>"; };
		1B4E35661ACA3108009088D9 /* Images.xcassets */ = {isa = PBXFileReference; lastKnownFileType = folder.assetcatalog; path = Images.xcassets; sourceTree = "<group>"; };
		1B4E35691ACA3108009088D9 /* Base */ = {isa = PBXFileReference; lastKnownFileType = file.xib; name = Base; path = Base.lproj/LaunchScreen.xib; sourceTree = "<group>"; };
		1B4E356F1ACA3108009088D9 /* ImgurDemoTests.xctest */ = {isa = PBXFileReference; explicitFileType = wrapper.cfbundle; includeInIndex = 0; path = ImgurDemoTests.xctest; sourceTree = BUILT_PRODUCTS_DIR; };
		1B4E35741ACA3108009088D9 /* Info.plist */ = {isa = PBXFileReference; lastKnownFileType = text.plist.xml; path = Info.plist; sourceTree = "<group>"; };
		1B4E35751ACA3108009088D9 /* ImgurDemoTests.m */ = {isa = PBXFileReference; lastKnownFileType = sourcecode.c.objc; path = ImgurDemoTests.m; sourceTree = "<group>"; };
		1B4E35831ACA4954009088D9 /* ImgurAPIClient.h */ = {isa = PBXFileReference; fileEncoding = 4; lastKnownFileType = sourcecode.c.h; path = ImgurAPIClient.h; sourceTree = "<group>"; };
		1B4E35841ACA4954009088D9 /* ImgurAPIClient.m */ = {isa = PBXFileReference; fileEncoding = 4; lastKnownFileType = sourcecode.c.objc; path = ImgurAPIClient.m; sourceTree = "<group>"; };
		1B4E358D1ACA7FFE009088D9 /* GalleryViewController.h */ = {isa = PBXFileReference; fileEncoding = 4; lastKnownFileType = sourcecode.c.h; path = GalleryViewController.h; sourceTree = "<group>"; };
		1B4E358E1ACA7FFE009088D9 /* GalleryViewController.m */ = {isa = PBXFileReference; fileEncoding = 4; lastKnownFileType = sourcecode.c.objc; path = GalleryViewController.m; sourceTree = "<group>"; };
		1B4E35901ACA802B009088D9 /* ImageGridCell.h */ = {isa = PBXFileReference; fileEncoding = 4; lastKnownFileType = sourcecode.c.h; path = ImageGridCell.h; sourceTree = "<group>"; };
		1B4E35911ACA802B009088D9 /* ImageGridCell.m */ = {isa = PBXFileReference; fileEncoding = 4; lastKnownFileType = sourcecode.c.objc; path = ImageGridCell.m; sourceTree = "<group>"; };
		1BB717A71ACB9FFF00CA4796 /* FilterViewController.h */ = {isa = PBXFileReference; fileEncoding = 4; lastKnownFileType = sourcecode.c.h; path = FilterViewController.h; sourceTree = "<group>"; };
		1BB717A81ACB9FFF00CA4796 /* FilterViewController.m */ = {isa = PBXFileReference; fileEncoding = 4; lastKnownFileType = sourcecode.c.objc; path = FilterViewController.m; sourceTree = "<group>"; };
		1BB717AD1ACBCC6800CA4796 /* AboutViewController.h */ = {isa = PBXFileReference; fileEncoding = 4; lastKnownFileType = sourcecode.c.h; path = AboutViewController.h; sourceTree = "<group>"; };
		1BB717AE1ACBCC6800CA4796 /* AboutViewController.m */ = {isa = PBXFileReference; fileEncoding = 4; lastKnownFileType = sourcecode.c.objc; path = AboutViewController.m; sourceTree = "<group>"; };
		642C1142D167F9F7102DBBFF /* Pods.debug.xcconfig */ = {isa = PBXFileReference; includeInIndex = 1; lastKnownFileType = text.xcconfig; name = Pods.debug.xcconfig; path = "Pods/Target Support Files/Pods/Pods.debug.xcconfig"; sourceTree = "<group>"; };
		78D236CD7FF2D70117BDAD0B /* libPods.a */ = {isa = PBXFileReference; explicitFileType = archive.ar; includeInIndex = 0; path = libPods.a; sourceTree = BUILT_PRODUCTS_DIR; };
/* End PBXFileReference section */

/* Begin PBXFrameworksBuildPhase section */
		1B4E35501ACA3108009088D9 /* Frameworks */ = {
			isa = PBXFrameworksBuildPhase;
			buildActionMask = 2147483647;
			files = (
				6E9B2168C422760ACD00B109 /* libPods.a in Frameworks */,
			);
			runOnlyForDeploymentPostprocessing = 0;
		};
		1B4E356C1ACA3108009088D9 /* Frameworks */ = {
			isa = PBXFrameworksBuildPhase;
			buildActionMask = 2147483647;
			files = (
			);
			runOnlyForDeploymentPostprocessing = 0;
		};
/* End PBXFrameworksBuildPhase section */

/* Begin PBXGroup section */
		1B4E354A1ACA3108009088D9 = {
			isa = PBXGroup;
			children = (
				1B4E35551ACA3108009088D9 /* ImgurDemo */,
				1B4E35721ACA3108009088D9 /* ImgurDemoTests */,
				1B4E35541ACA3108009088D9 /* Products */,
				287B4998024AB8806C362D57 /* Pods */,
				2F778A78CF68EC2645D00123 /* Frameworks */,
			);
			sourceTree = "<group>";
		};
		1B4E35541ACA3108009088D9 /* Products */ = {
			isa = PBXGroup;
			children = (
				1B4E35531ACA3108009088D9 /* ImgurDemo.app */,
				1B4E356F1ACA3108009088D9 /* ImgurDemoTests.xctest */,
			);
			name = Products;
			sourceTree = "<group>";
		};
		1B4E35551ACA3108009088D9 /* ImgurDemo */ = {
			isa = PBXGroup;
			children = (
				1B4E35811ACA48A1009088D9 /* Network */,
				1B4E35821ACA491A009088D9 /* Helper */,
				1B4E35801ACA489B009088D9 /* Model */,
				1B4E357F1ACA4893009088D9 /* Controller */,
				1B4E355A1ACA3108009088D9 /* AppDelegate.h */,
				1B4E355B1ACA3108009088D9 /* AppDelegate.m */,
				1B4E35631ACA3108009088D9 /* Main.storyboard */,
				1B4E35661ACA3108009088D9 /* Images.xcassets */,
				1B4E35681ACA3108009088D9 /* LaunchScreen.xib */,
				1B4E355D1ACA3108009088D9 /* ImgurDemo.xcdatamodeld */,
				1B4E35561ACA3108009088D9 /* Supporting Files */,
			);
			path = ImgurDemo;
			sourceTree = "<group>";
		};
		1B4E35561ACA3108009088D9 /* Supporting Files */ = {
			isa = PBXGroup;
			children = (
				1B4E35571ACA3108009088D9 /* Info.plist */,
				1B4E35581ACA3108009088D9 /* main.m */,
			);
			name = "Supporting Files";
			sourceTree = "<group>";
		};
		1B4E35721ACA3108009088D9 /* ImgurDemoTests */ = {
			isa = PBXGroup;
			children = (
				1B4E35751ACA3108009088D9 /* ImgurDemoTests.m */,
				1B4E35731ACA3108009088D9 /* Supporting Files */,
			);
			path = ImgurDemoTests;
			sourceTree = "<group>";
		};
		1B4E35731ACA3108009088D9 /* Supporting Files */ = {
			isa = PBXGroup;
			children = (
				1B4E35741ACA3108009088D9 /* Info.plist */,
			);
			name = "Supporting Files";
			sourceTree = "<group>";
		};
		1B4E357F1ACA4893009088D9 /* Controller */ = {
			isa = PBXGroup;
			children = (
				1B4E358D1ACA7FFE009088D9 /* GalleryViewController.h */,
				1B4E358E1ACA7FFE009088D9 /* GalleryViewController.m */,
				1B4E35901ACA802B009088D9 /* ImageGridCell.h */,
				1B4E35911ACA802B009088D9 /* ImageGridCell.m */,
				1BB717A71ACB9FFF00CA4796 /* FilterViewController.h */,
				1BB717A81ACB9FFF00CA4796 /* FilterViewController.m */,
				1BB717AD1ACBCC6800CA4796 /* AboutViewController.h */,
				1BB717AE1ACBCC6800CA4796 /* AboutViewController.m */,
			);
			name = Controller;
			sourceTree = "<group>";
		};
		1B4E35801ACA489B009088D9 /* Model */ = {
			isa = PBXGroup;
			children = (
			);
			name = Model;
			sourceTree = "<group>";
		};
		1B4E35811ACA48A1009088D9 /* Network */ = {
			isa = PBXGroup;
			children = (
				1B4E35831ACA4954009088D9 /* ImgurAPIClient.h */,
				1B4E35841ACA4954009088D9 /* ImgurAPIClient.m */,
			);
			name = Network;
			sourceTree = "<group>";
		};
		1B4E35821ACA491A009088D9 /* Helper */ = {
			isa = PBXGroup;
			children = (
			);
			name = Helper;
			sourceTree = "<group>";
		};
		287B4998024AB8806C362D57 /* Pods */ = {
			isa = PBXGroup;
			children = (
				642C1142D167F9F7102DBBFF /* Pods.debug.xcconfig */,
				02F04ED3A3DCBDEADC7184D3 /* Pods.release.xcconfig */,
			);
			name = Pods;
			sourceTree = "<group>";
		};
		2F778A78CF68EC2645D00123 /* Frameworks */ = {
			isa = PBXGroup;
			children = (
				78D236CD7FF2D70117BDAD0B /* libPods.a */,
			);
			name = Frameworks;
			sourceTree = "<group>";
		};
/* End PBXGroup section */

/* Begin PBXNativeTarget section */
		1B4E35521ACA3108009088D9 /* ImgurDemo */ = {
			isa = PBXNativeTarget;
			buildConfigurationList = 1B4E35791ACA3108009088D9 /* Build configuration list for PBXNativeTarget "ImgurDemo" */;
			buildPhases = (
				879F09BFC762402A663E9EAF /* Check Pods Manifest.lock */,
				1B4E354F1ACA3108009088D9 /* Sources */,
				1B4E35501ACA3108009088D9 /* Frameworks */,
				1B4E35511ACA3108009088D9 /* Resources */,
				A3ECEC080A3E1AC415DF4E36 /* Copy Pods Resources */,
			);
			buildRules = (
			);
			dependencies = (
			);
			name = ImgurDemo;
			productName = ImgurDemo;
			productReference = 1B4E35531ACA3108009088D9 /* ImgurDemo.app */;
			productType = "com.apple.product-type.application";
		};
		1B4E356E1ACA3108009088D9 /* ImgurDemoTests */ = {
			isa = PBXNativeTarget;
			buildConfigurationList = 1B4E357C1ACA3108009088D9 /* Build configuration list for PBXNativeTarget "ImgurDemoTests" */;
			buildPhases = (
				1B4E356B1ACA3108009088D9 /* Sources */,
				1B4E356C1ACA3108009088D9 /* Frameworks */,
				1B4E356D1ACA3108009088D9 /* Resources */,
			);
			buildRules = (
			);
			dependencies = (
				1B4E35711ACA3108009088D9 /* PBXTargetDependency */,
			);
			name = ImgurDemoTests;
			productName = ImgurDemoTests;
			productReference = 1B4E356F1ACA3108009088D9 /* ImgurDemoTests.xctest */;
			productType = "com.apple.product-type.bundle.unit-test";
		};
/* End PBXNativeTarget section */

/* Begin PBXProject section */
		1B4E354B1ACA3108009088D9 /* Project object */ = {
			isa = PBXProject;
			attributes = {
				LastUpgradeCheck = 0620;
				ORGANIZATIONNAME = "Truong Vo";
				TargetAttributes = {
					1B4E35521ACA3108009088D9 = {
						CreatedOnToolsVersion = 6.2;
					};
					1B4E356E1ACA3108009088D9 = {
						CreatedOnToolsVersion = 6.2;
						TestTargetID = 1B4E35521ACA3108009088D9;
					};
				};
			};
			buildConfigurationList = 1B4E354E1ACA3108009088D9 /* Build configuration list for PBXProject "ImgurDemo" */;
			compatibilityVersion = "Xcode 3.2";
			developmentRegion = English;
			hasScannedForEncodings = 0;
			knownRegions = (
				en,
				Base,
			);
			mainGroup = 1B4E354A1ACA3108009088D9;
			productRefGroup = 1B4E35541ACA3108009088D9 /* Products */;
			projectDirPath = "";
			projectRoot = "";
			targets = (
				1B4E35521ACA3108009088D9 /* ImgurDemo */,
				1B4E356E1ACA3108009088D9 /* ImgurDemoTests */,
			);
		};
/* End PBXProject section */

/* Begin PBXResourcesBuildPhase section */
		1B4E35511ACA3108009088D9 /* Resources */ = {
			isa = PBXResourcesBuildPhase;
			buildActionMask = 2147483647;
			files = (
				1B4E35651ACA3108009088D9 /* Main.storyboard in Resources */,
				1B4E356A1ACA3108009088D9 /* LaunchScreen.xib in Resources */,
				1B4E35671ACA3108009088D9 /* Images.xcassets in Resources */,
			);
			runOnlyForDeploymentPostprocessing = 0;
		};
		1B4E356D1ACA3108009088D9 /* Resources */ = {
			isa = PBXResourcesBuildPhase;
			buildActionMask = 2147483647;
			files = (
			);
			runOnlyForDeploymentPostprocessing = 0;
		};
/* End PBXResourcesBuildPhase section */

/* Begin PBXShellScriptBuildPhase section */
		879F09BFC762402A663E9EAF /* Check Pods Manifest.lock */ = {
			isa = PBXShellScriptBuildPhase;
			buildActionMask = 2147483647;
			files = (
			);
			inputPaths = (
			);
			name = "Check Pods Manifest.lock";
			outputPaths = (
			);
			runOnlyForDeploymentPostprocessing = 0;
			shellPath = /bin/sh;
			shellScript = "diff \"${PODS_ROOT}/../Podfile.lock\" \"${PODS_ROOT}/Manifest.lock\" > /dev/null\nif [[ $? != 0 ]] ; then\n    cat << EOM\nerror: The sandbox is not in sync with the Podfile.lock. Run 'pod install' or update your CocoaPods installation.\nEOM\n    exit 1\nfi\n";
			showEnvVarsInLog = 0;
		};
		A3ECEC080A3E1AC415DF4E36 /* Copy Pods Resources */ = {
			isa = PBXShellScriptBuildPhase;
			buildActionMask = 2147483647;
			files = (
			);
			inputPaths = (
			);
			name = "Copy Pods Resources";
			outputPaths = (
			);
			runOnlyForDeploymentPostprocessing = 0;
			shellPath = /bin/sh;
			shellScript = "\"${SRCROOT}/Pods/Target Support Files/Pods/Pods-resources.sh\"\n";
			showEnvVarsInLog = 0;
		};
/* End PBXShellScriptBuildPhase section */

/* Begin PBXSourcesBuildPhase section */
		1B4E354F1ACA3108009088D9 /* Sources */ = {
			isa = PBXSourcesBuildPhase;
			buildActionMask = 2147483647;
			files = (
				1B4E355C1ACA3108009088D9 /* AppDelegate.m in Sources */,
				1B4E35921ACA802B009088D9 /* ImageGridCell.m in Sources */,
				1BB717AF1ACBCC6800CA4796 /* AboutViewController.m in Sources */,
				1B4E355F1ACA3108009088D9 /* ImgurDemo.xcdatamodeld in Sources */,
				1B4E35591ACA3108009088D9 /* main.m in Sources */,
				1BB717A91ACB9FFF00CA4796 /* FilterViewController.m in Sources */,
				1B4E35851ACA4954009088D9 /* ImgurAPIClient.m in Sources */,
				1B4E358F1ACA7FFE009088D9 /* GalleryViewController.m in Sources */,
			);
			runOnlyForDeploymentPostprocessing = 0;
		};
		1B4E356B1ACA3108009088D9 /* Sources */ = {
			isa = PBXSourcesBuildPhase;
			buildActionMask = 2147483647;
			files = (
				1B4E35761ACA3108009088D9 /* ImgurDemoTests.m in Sources */,
			);
			runOnlyForDeploymentPostprocessing = 0;
		};
/* End PBXSourcesBuildPhase section */

/* Begin PBXTargetDependency section */
		1B4E35711ACA3108009088D9 /* PBXTargetDependency */ = {
			isa = PBXTargetDependency;
			target = 1B4E35521ACA3108009088D9 /* ImgurDemo */;
			targetProxy = 1B4E35701ACA3108009088D9 /* PBXContainerItemProxy */;
		};
/* End PBXTargetDependency section */

/* Begin PBXVariantGroup section */
		1B4E35631ACA3108009088D9 /* Main.storyboard */ = {
			isa = PBXVariantGroup;
			children = (
				1B4E35641ACA3108009088D9 /* Base */,
			);
			name = Main.storyboard;
			sourceTree = "<group>";
		};
		1B4E35681ACA3108009088D9 /* LaunchScreen.xib */ = {
			isa = PBXVariantGroup;
			children = (
				1B4E35691ACA3108009088D9 /* Base */,
			);
			name = LaunchScreen.xib;
			sourceTree = "<group>";
		};
/* End PBXVariantGroup section */

/* Begin XCBuildConfiguration section */
		1B4E35771ACA3108009088D9 /* Debug */ = {
			isa = XCBuildConfiguration;
			buildSettings = {
				ALWAYS_SEARCH_USER_PATHS = NO;
				CLANG_CXX_LANGUAGE_STANDARD = "gnu++0x";
				CLANG_CXX_LIBRARY = "libc++";
				CLANG_ENABLE_MODULES = YES;
				CLANG_ENABLE_OBJC_ARC = YES;
				CLANG_WARN_BOOL_CONVERSION = YES;
				CLANG_WARN_CONSTANT_CONVERSION = YES;
				CLANG_WARN_DIRECT_OBJC_ISA_USAGE = YES_ERROR;
				CLANG_WARN_EMPTY_BODY = YES;
				CLANG_WARN_ENUM_CONVERSION = YES;
				CLANG_WARN_INT_CONVERSION = YES;
				CLANG_WARN_OBJC_ROOT_CLASS = YES_ERROR;
				CLANG_WARN_UNREACHABLE_CODE = YES;
				CLANG_WARN__DUPLICATE_METHOD_MATCH = YES;
				"CODE_SIGN_IDENTITY[sdk=iphoneos*]" = "iPhone Developer";
				COPY_PHASE_STRIP = NO;
				ENABLE_STRICT_OBJC_MSGSEND = YES;
				GCC_C_LANGUAGE_STANDARD = gnu99;
				GCC_DYNAMIC_NO_PIC = NO;
				GCC_OPTIMIZATION_LEVEL = 0;
				GCC_PREPROCESSOR_DEFINITIONS = (
					"DEBUG=1",
					"$(inherited)",
				);
				GCC_SYMBOLS_PRIVATE_EXTERN = NO;
				GCC_WARN_64_TO_32_BIT_CONVERSION = YES;
				GCC_WARN_ABOUT_RETURN_TYPE = YES_ERROR;
				GCC_WARN_UNDECLARED_SELECTOR = YES;
				GCC_WARN_UNINITIALIZED_AUTOS = YES_AGGRESSIVE;
				GCC_WARN_UNUSED_FUNCTION = YES;
				GCC_WARN_UNUSED_VARIABLE = YES;
				IPHONEOS_DEPLOYMENT_TARGET = 8.2;
				MTL_ENABLE_DEBUG_INFO = YES;
				ONLY_ACTIVE_ARCH = YES;
				SDKROOT = iphoneos;
			};
			name = Debug;
		};
		1B4E35781ACA3108009088D9 /* Release */ = {
			isa = XCBuildConfiguration;
			buildSettings = {
				ALWAYS_SEARCH_USER_PATHS = NO;
				CLANG_CXX_LANGUAGE_STANDARD = "gnu++0x";
				CLANG_CXX_LIBRARY = "libc++";
				CLANG_ENABLE_MODULES = YES;
				CLANG_ENABLE_OBJC_ARC = YES;
				CLANG_WARN_BOOL_CONVERSION = YES;
				CLANG_WARN_CONSTANT_CONVERSION = YES;
				CLANG_WARN_DIRECT_OBJC_ISA_USAGE = YES_ERROR;
				CLANG_WARN_EMPTY_BODY = YES;
				CLANG_WARN_ENUM_CONVERSION = YES;
				CLANG_WARN_INT_CONVERSION = YES;
				CLANG_WARN_OBJC_ROOT_CLASS = YES_ERROR;
				CLANG_WARN_UNREACHABLE_CODE = YES;
				CLANG_WARN__DUPLICATE_METHOD_MATCH = YES;
				"CODE_SIGN_IDENTITY[sdk=iphoneos*]" = "iPhone Developer";
				COPY_PHASE_STRIP = NO;
				ENABLE_NS_ASSERTIONS = NO;
				ENABLE_STRICT_OBJC_MSGSEND = YES;
				GCC_C_LANGUAGE_STANDARD = gnu99;
				GCC_WARN_64_TO_32_BIT_CONVERSION = YES;
				GCC_WARN_ABOUT_RETURN_TYPE = YES_ERROR;
				GCC_WARN_UNDECLARED_SELECTOR = YES;
				GCC_WARN_UNINITIALIZED_AUTOS = YES_AGGRESSIVE;
				GCC_WARN_UNUSED_FUNCTION = YES;
				GCC_WARN_UNUSED_VARIABLE = YES;
				IPHONEOS_DEPLOYMENT_TARGET = 8.2;
				MTL_ENABLE_DEBUG_INFO = NO;
				SDKROOT = iphoneos;
				VALIDATE_PRODUCT = YES;
			};
			name = Release;
		};
		1B4E357A1ACA3108009088D9 /* Debug */ = {
			isa = XCBuildConfiguration;
			baseConfigurationReference = 642C1142D167F9F7102DBBFF /* Pods.debug.xcconfig */;
			buildSettings = {
				ASSETCATALOG_COMPILER_APPICON_NAME = AppIcon;
				ASSETCATALOG_COMPILER_LAUNCHIMAGE_NAME = LaunchImage;
				INFOPLIST_FILE = ImgurDemo/Info.plist;
				LD_RUNPATH_SEARCH_PATHS = "$(inherited) @executable_path/Frameworks";
				OTHER_LDFLAGS = (
					"-ObjC",
					"-l\"Pods-AFNetworkActivityLogger\"",
					"-l\"Pods-AFNetworking\"",
					"-l\"Pods-PSTCollectionView\"",
					"-l\"Pods-MBProgressHUD\"",
					"-l\"Pods-ImgurSession\"",
				);
				PRODUCT_NAME = "$(TARGET_NAME)";
			};
			name = Debug;
		};
		1B4E357B1ACA3108009088D9 /* Release */ = {
			isa = XCBuildConfiguration;
			baseConfigurationReference = 02F04ED3A3DCBDEADC7184D3 /* Pods.release.xcconfig */;
			buildSettings = {
				ASSETCATALOG_COMPILER_APPICON_NAME = AppIcon;
				ASSETCATALOG_COMPILER_LAUNCHIMAGE_NAME = LaunchImage;
				INFOPLIST_FILE = ImgurDemo/Info.plist;
				LD_RUNPATH_SEARCH_PATHS = "$(inherited) @executable_path/Frameworks";
				OTHER_LDFLAGS = (
					"-ObjC",
					"-l\"Pods-AFNetworkActivityLogger\"",
					"-l\"Pods-AFNetworking\"",
					"-l\"Pods-PSTCollectionView\"",
					"-l\"Pods-MBProgressHUD\"",
					"-l\"Pods-ImgurSession\"",
				);
				PRODUCT_NAME = "$(TARGET_NAME)";
			};
			name = Release;
		};
		1B4E357D1ACA3108009088D9 /* Debug */ = {
			isa = XCBuildConfiguration;
			buildSettings = {
				BUNDLE_LOADER = "$(TEST_HOST)";
				FRAMEWORK_SEARCH_PATHS = (
					"$(SDKROOT)/Developer/Library/Frameworks",
					"$(inherited)",
				);
				GCC_PREPROCESSOR_DEFINITIONS = (
					"DEBUG=1",
					"$(inherited)",
				);
				INFOPLIST_FILE = ImgurDemoTests/Info.plist;
				LD_RUNPATH_SEARCH_PATHS = "$(inherited) @executable_path/Frameworks @loader_path/Frameworks";
				PRODUCT_NAME = "$(TARGET_NAME)";
				TEST_HOST = "$(BUILT_PRODUCTS_DIR)/ImgurDemo.app/ImgurDemo";
			};
			name = Debug;
		};
		1B4E357E1ACA3108009088D9 /* Release */ = {
			isa = XCBuildConfiguration;
			buildSettings = {
				BUNDLE_LOADER = "$(TEST_HOST)";
				FRAMEWORK_SEARCH_PATHS = (
					"$(SDKROOT)/Developer/Library/Frameworks",
					"$(inherited)",
				);
				INFOPLIST_FILE = ImgurDemoTests/Info.plist;
				LD_RUNPATH_SEARCH_PATHS = "$(inherited) @executable_path/Frameworks @loader_path/Frameworks";
				PRODUCT_NAME = "$(TARGET_NAME)";
				TEST_HOST = "$(BUILT_PRODUCTS_DIR)/ImgurDemo.app/ImgurDemo";
			};
			name = Release;
		};
/* End XCBuildConfiguration section */

/* Begin XCConfigurationList section */
		1B4E354E1ACA3108009088D9 /* Build configuration list for PBXProject "ImgurDemo" */ = {
			isa = XCConfigurationList;
			buildConfigurations = (
				1B4E35771ACA3108009088D9 /* Debug */,
				1B4E35781ACA3108009088D9 /* Release */,
			);
			defaultConfigurationIsVisible = 0;
			defaultConfigurationName = Release;
		};
		1B4E35791ACA3108009088D9 /* Build configuration list for PBXNativeTarget "ImgurDemo" */ = {
			isa = XCConfigurationList;
			buildConfigurations = (
				1B4E357A1ACA3108009088D9 /* Debug */,
				1B4E357B1ACA3108009088D9 /* Release */,
			);
			defaultConfigurationIsVisible = 0;
			defaultConfigurationName = Release;
		};
		1B4E357C1ACA3108009088D9 /* Build configuration list for PBXNativeTarget "ImgurDemoTests" */ = {
			isa = XCConfigurationList;
			buildConfigurations = (
				1B4E357D1ACA3108009088D9 /* Debug */,
				1B4E357E1ACA3108009088D9 /* Release */,
			);
			defaultConfigurationIsVisible = 0;
			defaultConfigurationName = Release;
		};
/* End XCConfigurationList section */

/* Begin XCVersionGroup section */
		1B4E355D1ACA3108009088D9 /* ImgurDemo.xcdatamodeld */ = {
			isa = XCVersionGroup;
			children = (
				1B4E355E1ACA3108009088D9 /* ImgurDemo.xcdatamodel */,
			);
			currentVersion = 1B4E355E1ACA3108009088D9 /* ImgurDemo.xcdatamodel */;
			path = ImgurDemo.xcdatamodeld;
			sourceTree = "<group>";
			versionGroupType = wrapper.xcdatamodel;
		};
/* End XCVersionGroup section */
	};
	rootObject = 1B4E354B1ACA3108009088D9 /* Project object */;
}
